{
  "name": "rswag-ui",
  "version": "1.0.1",
  "lockfileVersion": 3,
  "requires": true,
  "packages": {
    "": {
      "name": "rswag-ui",
      "version": "1.0.1",
      "dependencies": {
        "swagger-ui-dist": "5.9.0"
      }
    },
    "node_modules/swagger-ui-dist": {
      "version": "5.9.0",
      "resolved": "https://registry.npmjs.org/swagger-ui-dist/-/swagger-ui-dist-5.9.0.tgz",
      "integrity": "sha512-NUHSYoe5XRTk/Are8jPJ6phzBh3l9l33nEyXosM17QInoV95/jng8+PuSGtbD407QoPf93MH3Bkh773OgesJpA=="
    }
  }
}
