{
  "name": "rswag-ui",
  "version": "1.0.0",
  "lockfileVersion": 1,
  "requires": true,
  "dependencies": {
    "swagger-ui-dist": {
      "version": "3.36.0",
      "resolved": "https://registry.npmjs.org/swagger-ui-dist/-/swagger-ui-dist-3.36.0.tgz",
      "integrity": "sha512-y+ZTvI5vU1xnb2TtUk6JctoCyDDnjXWdpxJbE3BAd7wOXa8vdwNND4suJIpIRffxRygoZw42z3qGWjRK+xqfJA=="
    }
  }
}
