{
  "name": "rswag-ui",
  "version": "1.0.0",
  "lockfileVersion": 1,
  "requires": true,
  "dependencies": {
    "swagger-ui-dist": {
      "version": "3.17.3",
      "resolved": "https://registry.npmjs.org/swagger-ui-dist/-/swagger-ui-dist-3.17.3.tgz",
      "integrity": "sha1-37lkCMzEZ3UVX3NpGQxdSyAW/lw="
    }
  }
}
